// !$*UTF8*$!
{
	archiveVersion = 1;
	classes = {
	};
	objectVersion = 45;
	objects = {

/* Begin PBXBuildFile section */
		1D3623260D0F684500981E51 /* MockMapsAppDelegate.m in Sources */ = {isa = PBXBuildFile; fileRef = 1D3623250D0F684500981E51 /* MockMapsAppDelegate.m */; };
		1D60589B0D05DD56006BFB54 /* main.m in Sources */ = {isa = PBXBuildFile; fileRef = 29B97316FDCFA39411CA2CEA /* main.m */; };
		1D60589F0D05DD5A006BFB54 /* Foundation.framework in Frameworks */ = {isa = PBXBuildFile; fileRef = 1D30AB110D05D00D00671497 /* Foundation.framework */; };
		1DF5F4E00D08C38300B7A737 /* UIKit.framework in Frameworks */ = {isa = PBXBuildFile; fileRef = 1DF5F4DF0D08C38300B7A737 /* UIKit.framework */; };
		288765A50DF7441C002DB57D /* CoreGraphics.framework in Frameworks */ = {isa = PBXBuildFile; fileRef = 288765A40DF7441C002DB57D /* CoreGraphics.framework */; };
		2899E5220DE3E06400AC0155 /* MockMapsViewController.xib in Resources */ = {isa = PBXBuildFile; fileRef = 2899E5210DE3E06400AC0155 /* MockMapsViewController.xib */; };
		28AD733F0D9D9553002E5188 /* MainWindow.xib in Resources */ = {isa = PBXBuildFile; fileRef = 28AD733E0D9D9553002E5188 /* MainWindow.xib */; };
		28D7ACF80DDB3853001CB0EB /* MockMapsViewController.m in Sources */ = {isa = PBXBuildFile; fileRef = 28D7ACF70DDB3853001CB0EB /* MockMapsViewController.m */; };
		6B95DA5810575B850016A357 /* Default.png in Resources */ = {isa = PBXBuildFile; fileRef = 6B95DA5610575B850016A357 /* Default.png */; };
		6B95DA5B10575BC10016A357 /* DemoSequence.plist in Resources */ = {isa = PBXBuildFile; fileRef = 6B95DA5A10575BC10016A357 /* DemoSequence.plist */; };
		6B95DA6610575D3F0016A357 /* IMG_0464.PNG in Resources */ = {isa = PBXBuildFile; fileRef = 6B95DA5C10575D3F0016A357 /* IMG_0464.PNG */; };
		6B95DA6710575D3F0016A357 /* IMG_0465.PNG in Resources */ = {isa = PBXBuildFile; fileRef = 6B95DA5D10575D3F0016A357 /* IMG_0465.PNG */; };
		6B95DA6810575D3F0016A357 /* IMG_0466.PNG in Resources */ = {isa = PBXBuildFile; fileRef = 6B95DA5E10575D3F0016A357 /* IMG_0466.PNG */; };
		6B95DA6910575D3F0016A357 /* IMG_0467.PNG in Resources */ = {isa = PBXBuildFile; fileRef = 6B95DA5F10575D3F0016A357 /* IMG_0467.PNG */; };
		6B95DA6A10575D3F0016A357 /* IMG_0468.PNG in Resources */ = {isa = PBXBuildFile; fileRef = 6B95DA6010575D3F0016A357 /* IMG_0468.PNG */; };
		6B95DA6B10575D3F0016A357 /* IMG_0469.PNG in Resources */ = {isa = PBXBuildFile; fileRef = 6B95DA6110575D3F0016A357 /* IMG_0469.PNG */; };
		6B95DA6C10575D3F0016A357 /* IMG_0470.PNG in Resources */ = {isa = PBXBuildFile; fileRef = 6B95DA6210575D3F0016A357 /* IMG_0470.PNG */; };
		6B95DA6D10575D3F0016A357 /* IMG_0471.PNG in Resources */ = {isa = PBXBuildFile; fileRef = 6B95DA6310575D3F0016A357 /* IMG_0471.PNG */; };
		6B95DA6E10575D3F0016A357 /* IMG_0472.PNG in Resources */ = {isa = PBXBuildFile; fileRef = 6B95DA6410575D3F0016A357 /* IMG_0472.PNG */; };
		6B95DA6F10575D3F0016A357 /* IMG_0473.PNG in Resources */ = {isa = PBXBuildFile; fileRef = 6B95DA6510575D3F0016A357 /* IMG_0473.PNG */; };
/* End PBXBuildFile section */

/* Begin PBXFileReference section */
		1D30AB110D05D00D00671497 /* Foundation.framework */ = {isa = PBXFileReference; lastKnownFileType = wrapper.framework; name = Foundation.framework; path = System/Library/Frameworks/Foundation.framework; sourceTree = SDKROOT; };
		1D3623240D0F684500981E51 /* MockMapsAppDelegate.h */ = {isa = PBXFileReference; fileEncoding = 4; lastKnownFileType = sourcecode.c.h; path = MockMapsAppDelegate.h; sourceTree = "<group>"; };
		1D3623250D0F684500981E51 /* MockMapsAppDelegate.m */ = {isa = PBXFileReference; fileEncoding = 4; lastKnownFileType = sourcecode.c.objc; path = MockMapsAppDelegate.m; sourceTree = "<group>"; };
		1D6058910D05DD3D006BFB54 /* MockMaps.app */ = {isa = PBXFileReference; explicitFileType = wrapper.application; includeInIndex = 0; path = MockMaps.app; sourceTree = BUILT_PRODUCTS_DIR; };
		1DF5F4DF0D08C38300B7A737 /* UIKit.framework */ = {isa = PBXFileReference; lastKnownFileType = wrapper.framework; name = UIKit.framework; path = System/Library/Frameworks/UIKit.framework; sourceTree = SDKROOT; };
		288765A40DF7441C002DB57D /* CoreGraphics.framework */ = {isa = PBXFileReference; lastKnownFileType = wrapper.framework; name = CoreGraphics.framework; path = System/Library/Frameworks/CoreGraphics.framework; sourceTree = SDKROOT; };
		2899E5210DE3E06400AC0155 /* MockMapsViewController.xib */ = {isa = PBXFileReference; lastKnownFileType = file.xib; path = MockMapsViewController.xib; sourceTree = "<group>"; };
		28AD733E0D9D9553002E5188 /* MainWindow.xib */ = {isa = PBXFileReference; lastKnownFileType = file.xib; path = MainWindow.xib; sourceTree = "<group>"; };
		28D7ACF60DDB3853001CB0EB /* MockMapsViewController.h */ = {isa = PBXFileReference; fileEncoding = 4; lastKnownFileType = sourcecode.c.h; path = MockMapsViewController.h; sourceTree = "<group>"; };
		28D7ACF70DDB3853001CB0EB /* MockMapsViewController.m */ = {isa = PBXFileReference; fileEncoding = 4; lastKnownFileType = sourcecode.c.objc; path = MockMapsViewController.m; sourceTree = "<group>"; };
		29B97316FDCFA39411CA2CEA /* main.m */ = {isa = PBXFileReference; fileEncoding = 4; lastKnownFileType = sourcecode.c.objc; path = main.m; sourceTree = "<group>"; };
		32CA4F630368D1EE00C91783 /* MockMaps_Prefix.pch */ = {isa = PBXFileReference; fileEncoding = 4; lastKnownFileType = sourcecode.c.h; path = MockMaps_Prefix.pch; sourceTree = "<group>"; };
		6B95DA5610575B850016A357 /* Default.png */ = {isa = PBXFileReference; lastKnownFileType = image.png; path = Default.png; sourceTree = "<group>"; };
		6B95DA5A10575BC10016A357 /* DemoSequence.plist */ = {isa = PBXFileReference; fileEncoding = 4; lastKnownFileType = text.plist.xml; path = DemoSequence.plist; sourceTree = "<group>"; };
		6B95DA5C10575D3F0016A357 /* IMG_0464.PNG */ = {isa = PBXFileReference; lastKnownFileType = image.png; path = IMG_0464.PNG; sourceTree = "<group>"; };
		6B95DA5D10575D3F0016A357 /* IMG_0465.PNG */ = {isa = PBXFileReference; lastKnownFileType = image.png; path = IMG_0465.PNG; sourceTree = "<group>"; };
		6B95DA5E10575D3F0016A357 /* IMG_0466.PNG */ = {isa = PBXFileReference; lastKnownFileType = image.png; path = IMG_0466.PNG; sourceTree = "<group>"; };
		6B95DA5F10575D3F0016A357 /* IMG_0467.PNG */ = {isa = PBXFileReference; lastKnownFileType = image.png; path = IMG_0467.PNG; sourceTree = "<group>"; };
		6B95DA6010575D3F0016A357 /* IMG_0468.PNG */ = {isa = PBXFileReference; lastKnownFileType = image.png; path = IMG_0468.PNG; sourceTree = "<group>"; };
		6B95DA6110575D3F0016A357 /* IMG_0469.PNG */ = {isa = PBXFileReference; lastKnownFileType = image.png; path = IMG_0469.PNG; sourceTree = "<group>"; };
		6B95DA6210575D3F0016A357 /* IMG_0470.PNG */ = {isa = PBXFileReference; lastKnownFileType = image.png; path = IMG_0470.PNG; sourceTree = "<group>"; };
		6B95DA6310575D3F0016A357 /* IMG_0471.PNG */ = {isa = PBXFileReference; lastKnownFileType = image.png; path = IMG_0471.PNG; sourceTree = "<group>"; };
		6B95DA6410575D3F0016A357 /* IMG_0472.PNG */ = {isa = PBXFileReference; lastKnownFileType = image.png; path = IMG_0472.PNG; sourceTree = "<group>"; };
		6B95DA6510575D3F0016A357 /* IMG_0473.PNG */ = {isa = PBXFileReference; lastKnownFileType = image.png; path = IMG_0473.PNG; sourceTree = "<group>"; };
		8D1107310486CEB800E47090 /* MockMaps-Info.plist */ = {isa = PBXFileReference; fileEncoding = 4; lastKnownFileType = text.plist.xml; path = "MockMaps-Info.plist"; plistStructureDefinitionIdentifier = "com.apple.xcode.plist.structure-definition.iphone.info-plist"; sourceTree = "<group>"; };
/* End PBXFileReference section */

/* Begin PBXFrameworksBuildPhase section */
		1D60588F0D05DD3D006BFB54 /* Frameworks */ = {
			isa = PBXFrameworksBuildPhase;
			buildActionMask = 2147483647;
			files = (
				1D60589F0D05DD5A006BFB54 /* Foundation.framework in Frameworks */,
				1DF5F4E00D08C38300B7A737 /* UIKit.framework in Frameworks */,
				288765A50DF7441C002DB57D /* CoreGraphics.framework in Frameworks */,
			);
			runOnlyForDeploymentPostprocessing = 0;
		};
/* End PBXFrameworksBuildPhase section */

/* Begin PBXGroup section */
		080E96DDFE201D6D7F000001 /* Classes */ = {
			isa = PBXGroup;
			children = (
				1D3623240D0F684500981E51 /* MockMapsAppDelegate.h */,
				1D3623250D0F684500981E51 /* MockMapsAppDelegate.m */,
				28D7ACF60DDB3853001CB0EB /* MockMapsViewController.h */,
				28D7ACF70DDB3853001CB0EB /* MockMapsViewController.m */,
			);
			path = Classes;
			sourceTree = "<group>";
		};
		19C28FACFE9D520D11CA2CBB /* Products */ = {
			isa = PBXGroup;
			children = (
				1D6058910D05DD3D006BFB54 /* MockMaps.app */,
			);
			name = Products;
			sourceTree = "<group>";
		};
		29B97314FDCFA39411CA2CEA /* CustomTemplate */ = {
			isa = PBXGroup;
			children = (
				080E96DDFE201D6D7F000001 /* Classes */,
				29B97315FDCFA39411CA2CEA /* Other Sources */,
				29B97317FDCFA39411CA2CEA /* Resources */,
				29B97323FDCFA39411CA2CEA /* Frameworks */,
				19C28FACFE9D520D11CA2CBB /* Products */,
			);
			name = CustomTemplate;
			sourceTree = "<group>";
		};
		29B97315FDCFA39411CA2CEA /* Other Sources */ = {
			isa = PBXGroup;
			children = (
				32CA4F630368D1EE00C91783 /* MockMaps_Prefix.pch */,
				29B97316FDCFA39411CA2CEA /* main.m */,
			);
			name = "Other Sources";
			sourceTree = "<group>";
		};
		29B97317FDCFA39411CA2CEA /* Resources */ = {
			isa = PBXGroup;
			children = (
				6B95DA5C10575D3F0016A357 /* IMG_0464.PNG */,
				6B95DA5D10575D3F0016A357 /* IMG_0465.PNG */,
				6B95DA5E10575D3F0016A357 /* IMG_0466.PNG */,
				6B95DA5F10575D3F0016A357 /* IMG_0467.PNG */,
				6B95DA6010575D3F0016A357 /* IMG_0468.PNG */,
				6B95DA6110575D3F0016A357 /* IMG_0469.PNG */,
				6B95DA6210575D3F0016A357 /* IMG_0470.PNG */,
				6B95DA6310575D3F0016A357 /* IMG_0471.PNG */,
				6B95DA6410575D3F0016A357 /* IMG_0472.PNG */,
				6B95DA6510575D3F0016A357 /* IMG_0473.PNG */,
				6B95DA5610575B850016A357 /* Default.png */,
				2899E5210DE3E06400AC0155 /* MockMapsViewController.xib */,
				28AD733E0D9D9553002E5188 /* MainWindow.xib */,
				8D1107310486CEB800E47090 /* MockMaps-Info.plist */,
				6B95DA5A10575BC10016A357 /* DemoSequence.plist */,
			);
			name = Resources;
			sourceTree = "<group>";
		};
		29B97323FDCFA39411CA2CEA /* Frameworks */ = {
			isa = PBXGroup;
			children = (
				1DF5F4DF0D08C38300B7A737 /* UIKit.framework */,
				1D30AB110D05D00D00671497 /* Foundation.framework */,
				288765A40DF7441C002DB57D /* CoreGraphics.framework */,
			);
			name = Frameworks;
			sourceTree = "<group>";
		};
/* End PBXGroup section */

/* Begin PBXNativeTarget section */
		1D6058900D05DD3D006BFB54 /* MockMaps */ = {
			isa = PBXNativeTarget;
			buildConfigurationList = 1D6058960D05DD3E006BFB54 /* Build configuration list for PBXNativeTarget "MockMaps" */;
			buildPhases = (
				1D60588D0D05DD3D006BFB54 /* Resources */,
				1D60588E0D05DD3D006BFB54 /* Sources */,
				1D60588F0D05DD3D006BFB54 /* Frameworks */,
			);
			buildRules = (
			);
			dependencies = (
			);
			name = MockMaps;
			productName = MockMaps;
			productReference = 1D6058910D05DD3D006BFB54 /* MockMaps.app */;
			productType = "com.apple.product-type.application";
		};
/* End PBXNativeTarget section */

/* Begin PBXProject section */
		29B97313FDCFA39411CA2CEA /* Project object */ = {
			isa = PBXProject;
			buildConfigurationList = C01FCF4E08A954540054247B /* Build configuration list for PBXProject "MockMaps" */;
			compatibilityVersion = "Xcode 3.1";
			hasScannedForEncodings = 1;
			mainGroup = 29B97314FDCFA39411CA2CEA /* CustomTemplate */;
			projectDirPath = "";
			projectRoot = "";
			targets = (
				1D6058900D05DD3D006BFB54 /* MockMaps */,
			);
		};
/* End PBXProject section */

/* Begin PBXResourcesBuildPhase section */
		1D60588D0D05DD3D006BFB54 /* Resources */ = {
			isa = PBXResourcesBuildPhase;
			buildActionMask = 2147483647;
			files = (
				28AD733F0D9D9553002E5188 /* MainWindow.xib in Resources */,
				2899E5220DE3E06400AC0155 /* MockMapsViewController.xib in Resources */,
				6B95DA5810575B850016A357 /* Default.png in Resources */,
				6B95DA5B10575BC10016A357 /* DemoSequence.plist in Resources */,
				6B95DA6610575D3F0016A357 /* IMG_0464.PNG in Resources */,
				6B95DA6710575D3F0016A357 /* IMG_0465.PNG in Resources */,
				6B95DA6810575D3F0016A357 /* IMG_0466.PNG in Resources */,
				6B95DA6910575D3F0016A357 /* IMG_0467.PNG in Resources */,
				6B95DA6A10575D3F0016A357 /* IMG_0468.PNG in Resources */,
				6B95DA6B10575D3F0016A357 /* IMG_0469.PNG in Resources */,
				6B95DA6C10575D3F0016A357 /* IMG_0470.PNG in Resources */,
				6B95DA6D10575D3F0016A357 /* IMG_0471.PNG in Resources */,
				6B95DA6E10575D3F0016A357 /* IMG_0472.PNG in Resources */,
				6B95DA6F10575D3F0016A357 /* IMG_0473.PNG in Resources */,
			);
			runOnlyForDeploymentPostprocessing = 0;
		};
/* End PBXResourcesBuildPhase section */

/* Begin PBXSourcesBuildPhase section */
		1D60588E0D05DD3D006BFB54 /* Sources */ = {
			isa = PBXSourcesBuildPhase;
			buildActionMask = 2147483647;
			files = (
				1D60589B0D05DD56006BFB54 /* main.m in Sources */,
				1D3623260D0F684500981E51 /* MockMapsAppDelegate.m in Sources */,
				28D7ACF80DDB3853001CB0EB /* MockMapsViewController.m in Sources */,
			);
			runOnlyForDeploymentPostprocessing = 0;
		};
/* End PBXSourcesBuildPhase section */

/* Begin XCBuildConfiguration section */
		1D6058940D05DD3E006BFB54 /* Debug */ = {
			isa = XCBuildConfiguration;
			buildSettings = {
				ALWAYS_SEARCH_USER_PATHS = NO;
				COPY_PHASE_STRIP = NO;
				GCC_DYNAMIC_NO_PIC = NO;
				GCC_OPTIMIZATION_LEVEL = 0;
				GCC_PRECOMPILE_PREFIX_HEADER = YES;
				GCC_PREFIX_HEADER = MockMaps_Prefix.pch;
				INFOPLIST_FILE = "MockMaps-Info.plist";
				PRODUCT_NAME = MockMaps;
			};
			name = Debug;
		};
		1D6058950D05DD3E006BFB54 /* Release */ = {
			isa = XCBuildConfiguration;
			buildSettings = {
				ALWAYS_SEARCH_USER_PATHS = NO;
				COPY_PHASE_STRIP = YES;
				GCC_PRECOMPILE_PREFIX_HEADER = YES;
				GCC_PREFIX_HEADER = MockMaps_Prefix.pch;
				INFOPLIST_FILE = "MockMaps-Info.plist";
				PRODUCT_NAME = MockMaps;
			};
			name = Release;
		};
		C01FCF4F08A954540054247B /* Debug */ = {
			isa = XCBuildConfiguration;
			buildSettings = {
				ARCHS = "$(ARCHS_STANDARD_32_BIT)";
				"CODE_SIGN_IDENTITY[sdk=iphoneos*]" = "iPhone Developer";
				GCC_C_LANGUAGE_STANDARD = c99;
				GCC_WARN_ABOUT_RETURN_TYPE = YES;
				GCC_WARN_UNUSED_VARIABLE = YES;
				PREBINDING = NO;
				SDKROOT = iphoneos3.0;
			};
			name = Debug;
		};
		C01FCF5008A954540054247B /* Release */ = {
			isa = XCBuildConfiguration;
			buildSettings = {
				ARCHS = "$(ARCHS_STANDARD_32_BIT)";
				"CODE_SIGN_IDENTITY[sdk=iphoneos*]" = "iPhone Developer";
				GCC_C_LANGUAGE_STANDARD = c99;
				GCC_WARN_ABOUT_RETURN_TYPE = YES;
				GCC_WARN_UNUSED_VARIABLE = YES;
				PREBINDING = NO;
				SDKROOT = iphoneos3.0;
			};
			name = Release;
		};
/* End XCBuildConfiguration section */

/* Begin XCConfigurationList section */
		1D6058960D05DD3E006BFB54 /* Build configuration list for PBXNativeTarget "MockMaps" */ = {
			isa = XCConfigurationList;
			buildConfigurations = (
				1D6058940D05DD3E006BFB54 /* Debug */,
				1D6058950D05DD3E006BFB54 /* Release */,
			);
			defaultConfigurationIsVisible = 0;
			defaultConfigurationName = Release;
		};
		C01FCF4E08A954540054247B /* Build configuration list for PBXProject "MockMaps" */ = {
			isa = XCConfigurationList;
			buildConfigurations = (
				C01FCF4F08A954540054247B /* Debug */,
				C01FCF5008A954540054247B /* Release */,
			);
			defaultConfigurationIsVisible = 0;
			defaultConfigurationName = Release;
		};
/* End XCConfigurationList section */
	};
	rootObject = 29B97313FDCFA39411CA2CEA /* Project object */;
}
